
Microsoft Visual Studio Solution File, Format Version 12.00
# Visual Studio Version 17
VisualStudioVersion = 17.0.31903.59
MinimumVisualStudioVersion = 10.0.40219.1
Project("{FAE04EC0-301F-11D3-BF4B-00C04F79EFBC}") = "UnitTesting", "UnitTesting\UnitTesting.csproj", "{9A45B464-44E8-4865-BD20-5ABEDA93A40A}"
EndProject
Project("{FAE04EC0-301F-11D3-BF4B-00C04F79EFBC}") = "Sandbox", "Sandbox\Sandbox.csproj", "{FFDD678E-8C21-4A5B-94B1-928FC2EB5666}"
EndProject
Project("{FAE04EC0-301F-11D3-BF4B-00C04F79EFBC}") = "HessQLParser", "HessQLParser\HessQLParser.csproj", "{FB659D08-BC6F-4E1F-804F-A6B6494129F1}"
EndProject
Project("{FAE04EC0-301F-11D3-BF4B-00C04F79EFBC}") = "HessQL-Indexer", "HessQL-Indexer\HessQL-Indexer.csproj", "{65CB4C46-783B-4CFD-AAC2-9FC5A0BFF7BC}"
EndProject
Global
	GlobalSection(SolutionConfigurationPlatforms) = preSolution
		Debug|Any CPU = Debug|Any CPU
		Release|Any CPU = Release|Any CPU
	EndGlobalSection
	GlobalSection(SolutionProperties) = preSolution
		HideSolutionNode = FALSE
	EndGlobalSection
	GlobalSection(ProjectConfigurationPlatforms) = postSolution
		{9A45B464-44E8-4865-BD20-5ABEDA93A40A}.Debug|Any CPU.ActiveCfg = Debug|Any CPU
		{9A45B464-44E8-4865-BD20-5ABEDA93A40A}.Debug|Any CPU.Build.0 = Debug|Any CPU
		{9A45B464-44E8-4865-BD20-5ABEDA93A40A}.Release|Any CPU.ActiveCfg = Release|Any CPU
		{9A45B464-44E8-4865-BD20-5ABEDA93A40A}.Release|Any CPU.Build.0 = Release|Any CPU
		{FFDD678E-8C21-4A5B-94B1-928FC2EB5666}.Debug|Any CPU.ActiveCfg = Debug|Any CPU
		{FFDD678E-8C21-4A5B-94B1-928FC2EB5666}.Debug|Any CPU.Build.0 = Debug|Any CPU
		{FFDD678E-8C21-4A5B-94B1-928FC2EB5666}.Release|Any CPU.ActiveCfg = Release|Any CPU
		{FFDD678E-8C21-4A5B-94B1-928FC2EB5666}.Release|Any CPU.Build.0 = Release|Any CPU
		{FB659D08-BC6F-4E1F-804F-A6B6494129F1}.Debug|Any CPU.ActiveCfg = Debug|Any CPU
		{FB659D08-BC6F-4E1F-804F-A6B6494129F1}.Debug|Any CPU.Build.0 = Debug|Any CPU
		{FB659D08-BC6F-4E1F-804F-A6B6494129F1}.Release|Any CPU.ActiveCfg = Release|Any CPU
		{FB659D08-BC6F-4E1F-804F-A6B6494129F1}.Release|Any CPU.Build.0 = Release|Any CPU
		{65CB4C46-783B-4CFD-AAC2-9FC5A0BFF7BC}.Debug|Any CPU.ActiveCfg = Debug|Any CPU
		{65CB4C46-783B-4CFD-AAC2-9FC5A0BFF7BC}.Debug|Any CPU.Build.0 = Debug|Any CPU
		{65CB4C46-783B-4CFD-AAC2-9FC5A0BFF7BC}.Release|Any CPU.ActiveCfg = Release|Any CPU
		{65CB4C46-783B-4CFD-AAC2-9FC5A0BFF7BC}.Release|Any CPU.Build.0 = Release|Any CPU
	EndGlobalSection
EndGlobal
